// !$*UTF8*$!
{
	archiveVersion = 1;
	classes = {
	};
	objectVersion = 50;
	objects = {

/* Begin PBXBuildFile section */
		E3568B872357495400AF79FE /* AppDelegate.m in Sources */ = {isa = PBXBuildFile; fileRef = E3568B862357495400AF79FE /* AppDelegate.m */; };
		E3568B8A2357495400AF79FE /* ViewController.m in Sources */ = {isa = PBXBuildFile; fileRef = E3568B892357495400AF79FE /* ViewController.m */; };
		E3568B8D2357495400AF79FE /* Main.storyboard in Resources */ = {isa = PBXBuildFile; fileRef = E3568B8B2357495400AF79FE /* Main.storyboard */; };
		E3568B8F2357495600AF79FE /* Assets.xcassets in Resources */ = {isa = PBXBuildFile; fileRef = E3568B8E2357495600AF79FE /* Assets.xcassets */; };
		E3568B922357495600AF79FE /* LaunchScreen.storyboard in Resources */ = {isa = PBXBuildFile; fileRef = E3568B902357495600AF79FE /* LaunchScreen.storyboard */; };
		E3568B952357495600AF79FE /* main.m in Sources */ = {isa = PBXBuildFile; fileRef = E3568B942357495600AF79FE /* main.m */; };
		E3568B9E2357498600AF79FE /* WYCommentView.m in Sources */ = {isa = PBXBuildFile; fileRef = E3568B9D2357498600AF79FE /* WYCommentView.m */; };
		E3568BA22357533900AF79FE /* WYSlideUpView.m in Sources */ = {isa = PBXBuildFile; fileRef = E3568BA12357533900AF79FE /* WYSlideUpView.m */; };
/* End PBXBuildFile section */

/* Begin PBXFileReference section */
		E3568B822357495400AF79FE /* 02-抖音评论滚动.app */ = {isa = PBXFileReference; explicitFileType = wrapper.application; includeInIndex = 0; path = "02-抖音评论滚动.app"; sourceTree = BUILT_PRODUCTS_DIR; };
		E3568B852357495400AF79FE /* AppDelegate.h */ = {isa = PBXFileReference; lastKnownFileType = sourcecode.c.h; path = AppDelegate.h; sourceTree = "<group>"; };
		E3568B862357495400AF79FE /* AppDelegate.m */ = {isa = PBXFileReference; lastKnownFileType = sourcecode.c.objc; path = AppDelegate.m; sourceTree = "<group>"; };
		E3568B882357495400AF79FE /* ViewController.h */ = {isa = PBXFileReference; lastKnownFileType = sourcecode.c.h; path = ViewController.h; sourceTree = "<group>"; };
		E3568B892357495400AF79FE /* ViewController.m */ = {isa = PBXFileReference; lastKnownFileType = sourcecode.c.objc; path = ViewController.m; sourceTree = "<group>"; };
		E3568B8C2357495400AF79FE /* Base */ = {isa = PBXFileReference; lastKnownFileType = file.storyboard; name = Base; path = Base.lproj/Main.storyboard; sourceTree = "<group>"; };
		E3568B8E2357495600AF79FE /* Assets.xcassets */ = {isa = PBXFileReference; lastKnownFileType = folder.assetcatalog; path = Assets.xcassets; sourceTree = "<group>"; };
		E3568B912357495600AF79FE /* Base */ = {isa = PBXFileReference; lastKnownFileType = file.storyboard; name = Base; path = Base.lproj/LaunchScreen.storyboard; sourceTree = "<group>"; };
		E3568B932357495600AF79FE /* Info.plist */ = {isa = PBXFileReference; lastKnownFileType = text.plist.xml; path = Info.plist; sourceTree = "<group>"; };
		E3568B942357495600AF79FE /* main.m */ = {isa = PBXFileReference; lastKnownFileType = sourcecode.c.objc; path = main.m; sourceTree = "<group>"; };
		E3568B9C2357498600AF79FE /* WYCommentView.h */ = {isa = PBXFileReference; lastKnownFileType = sourcecode.c.h; path = WYCommentView.h; sourceTree = "<group>"; };
		E3568B9D2357498600AF79FE /* WYCommentView.m */ = {isa = PBXFileReference; lastKnownFileType = sourcecode.c.objc; path = WYCommentView.m; sourceTree = "<group>"; };
		E3568B9F23574D6500AF79FE /* CommonMacro.h */ = {isa = PBXFileReference; lastKnownFileType = sourcecode.c.h; path = CommonMacro.h; sourceTree = "<group>"; };
		E3568BA02357533900AF79FE /* WYSlideUpView.h */ = {isa = PBXFileReference; lastKnownFileType = sourcecode.c.h; path = WYSlideUpView.h; sourceTree = "<group>"; };
		E3568BA12357533900AF79FE /* WYSlideUpView.m */ = {isa = PBXFileReference; lastKnownFileType = sourcecode.c.objc; path = WYSlideUpView.m; sourceTree = "<group>"; };
/* End PBXFileReference section */

/* Begin PBXFrameworksBuildPhase section */
		E3568B7F2357495400AF79FE /* Frameworks */ = {
			isa = PBXFrameworksBuildPhase;
			buildActionMask = 2147483647;
			files = (
			);
			runOnlyForDeploymentPostprocessing = 0;
		};
/* End PBXFrameworksBuildPhase section */

/* Begin PBXGroup section */
		E3568B792357495300AF79FE = {
			isa = PBXGroup;
			children = (
				E3568B842357495400AF79FE /* 02-抖音评论滚动 */,
				E3568B832357495400AF79FE /* Products */,
			);
			sourceTree = "<group>";
		};
		E3568B832357495400AF79FE /* Products */ = {
			isa = PBXGroup;
			children = (
				E3568B822357495400AF79FE /* 02-抖音评论滚动.app */,
			);
			name = Products;
			sourceTree = "<group>";
		};
		E3568B842357495400AF79FE /* 02-抖音评论滚动 */ = {
			isa = PBXGroup;
			children = (
				E3568B9B2357497700AF79FE /* Comment */,
				E3568B852357495400AF79FE /* AppDelegate.h */,
				E3568B862357495400AF79FE /* AppDelegate.m */,
				E3568B882357495400AF79FE /* ViewController.h */,
				E3568B892357495400AF79FE /* ViewController.m */,
				E3568B8B2357495400AF79FE /* Main.storyboard */,
				E3568B8E2357495600AF79FE /* Assets.xcassets */,
				E3568B902357495600AF79FE /* LaunchScreen.storyboard */,
				E3568B932357495600AF79FE /* Info.plist */,
				E3568B942357495600AF79FE /* main.m */,
			);
			path = "02-抖音评论滚动";
			sourceTree = "<group>";
		};
		E3568B9B2357497700AF79FE /* Comment */ = {
			isa = PBXGroup;
			children = (
				E3568B9C2357498600AF79FE /* WYCommentView.h */,
				E3568B9D2357498600AF79FE /* WYCommentView.m */,
				E3568B9F23574D6500AF79FE /* CommonMacro.h */,
				E3568BA02357533900AF79FE /* WYSlideUpView.h */,
				E3568BA12357533900AF79FE /* WYSlideUpView.m */,
			);
			path = Comment;
			sourceTree = "<group>";
		};
/* End PBXGroup section */

/* Begin PBXNativeTarget section */
		E3568B812357495400AF79FE /* 02-抖音评论滚动 */ = {
			isa = PBXNativeTarget;
			buildConfigurationList = E3568B982357495600AF79FE /* Build configuration list for PBXNativeTarget "02-抖音评论滚动" */;
			buildPhases = (
				E3568B7E2357495400AF79FE /* Sources */,
				E3568B7F2357495400AF79FE /* Frameworks */,
				E3568B802357495400AF79FE /* Resources */,
			);
			buildRules = (
			);
			dependencies = (
			);
			name = "02-抖音评论滚动";
			productName = "02-抖音评论滚动";
			productReference = E3568B822357495400AF79FE /* 02-抖音评论滚动.app */;
			productType = "com.apple.product-type.application";
		};
/* End PBXNativeTarget section */

/* Begin PBXProject section */
		E3568B7A2357495300AF79FE /* Project object */ = {
			isa = PBXProject;
			attributes = {
				LastUpgradeCheck = 1010;
				ORGANIZATIONNAME = "https://github.com/wangyansnow";
				TargetAttributes = {
					E3568B812357495400AF79FE = {
						CreatedOnToolsVersion = 10.1;
					};
				};
			};
			buildConfigurationList = E3568B7D2357495300AF79FE /* Build configuration list for PBXProject "02-抖音评论滚动" */;
			compatibilityVersion = "Xcode 9.3";
			developmentRegion = en;
			hasScannedForEncodings = 0;
			knownRegions = (
				en,
				Base,
			);
			mainGroup = E3568B792357495300AF79FE;
			productRefGroup = E3568B832357495400AF79FE /* Products */;
			projectDirPath = "";
			projectRoot = "";
			targets = (
				E3568B812357495400AF79FE /* 02-抖音评论滚动 */,
			);
		};
/* End PBXProject section */

/* Begin PBXResourcesBuildPhase section */
		E3568B802357495400AF79FE /* Resources */ = {
			isa = PBXResourcesBuildPhase;
			buildActionMask = 2147483647;
			files = (
				E3568B922357495600AF79FE /* LaunchScreen.storyboard in Resources */,
				E3568B8F2357495600AF79FE /* Assets.xcassets in Resources */,
				E3568B8D2357495400AF79FE /* Main.storyboard in Resources */,
			);
			runOnlyForDeploymentPostprocessing = 0;
		};
/* End PBXResourcesBuildPhase section */

/* Begin PBXSourcesBuildPhase section */
		E3568B7E2357495400AF79FE /* Sources */ = {
			isa = PBXSourcesBuildPhase;
			buildActionMask = 2147483647;
			files = (
				E3568B9E2357498600AF79FE /* WYCommentView.m in Sources */,
				E3568B8A2357495400AF79FE /* ViewController.m in Sources */,
				E3568B952357495600AF79FE /* main.m in Sources */,
				E3568B872357495400AF79FE /* AppDelegate.m in Sources */,
				E3568BA22357533900AF79FE /* WYSlideUpView.m in Sources */,
			);
			runOnlyForDeploymentPostprocessing = 0;
		};
/* End PBXSourcesBuildPhase section */

/* Begin PBXVariantGroup section */
		E3568B8B2357495400AF79FE /* Main.storyboard */ = {
			isa = PBXVariantGroup;
			children = (
				E3568B8C2357495400AF79FE /* Base */,
			);
			name = Main.storyboard;
			sourceTree = "<group>";
		};
		E3568B902357495600AF79FE /* LaunchScreen.storyboard */ = {
			isa = PBXVariantGroup;
			children = (
				E3568B912357495600AF79FE /* Base */,
			);
			name = LaunchScreen.storyboard;
			sourceTree = "<group>";
		};
/* End PBXVariantGroup section */

/* Begin XCBuildConfiguration section */
		E3568B962357495600AF79FE /* Debug */ = {
			isa = XCBuildConfiguration;
			buildSettings = {
				ALWAYS_SEARCH_USER_PATHS = NO;
				CLANG_ANALYZER_NONNULL = YES;
				CLANG_ANALYZER_NUMBER_OBJECT_CONVERSION = YES_AGGRESSIVE;
				CLANG_CXX_LANGUAGE_STANDARD = "gnu++14";
				CLANG_CXX_LIBRARY = "libc++";
				CLANG_ENABLE_MODULES = YES;
				CLANG_ENABLE_OBJC_ARC = YES;
				CLANG_ENABLE_OBJC_WEAK = YES;
				CLANG_WARN_BLOCK_CAPTURE_AUTORELEASING = YES;
				CLANG_WARN_BOOL_CONVERSION = YES;
				CLANG_WARN_COMMA = YES;
				CLANG_WARN_CONSTANT_CONVERSION = YES;
				CLANG_WARN_DEPRECATED_OBJC_IMPLEMENTATIONS = YES;
				CLANG_WARN_DIRECT_OBJC_ISA_USAGE = YES_ERROR;
				CLANG_WARN_DOCUMENTATION_COMMENTS = YES;
				CLANG_WARN_EMPTY_BODY = YES;
				CLANG_WARN_ENUM_CONVERSION = YES;
				CLANG_WARN_INFINITE_RECURSION = YES;
				CLANG_WARN_INT_CONVERSION = YES;
				CLANG_WARN_NON_LITERAL_NULL_CONVERSION = YES;
				CLANG_WARN_OBJC_IMPLICIT_RETAIN_SELF = YES;
				CLANG_WARN_OBJC_LITERAL_CONVERSION = YES;
				CLANG_WARN_OBJC_ROOT_CLASS = YES_ERROR;
				CLANG_WARN_RANGE_LOOP_ANALYSIS = YES;
				CLANG_WARN_STRICT_PROTOTYPES = YES;
				CLANG_WARN_SUSPICIOUS_MOVE = YES;
				CLANG_WARN_UNGUARDED_AVAILABILITY = YES_AGGRESSIVE;
				CLANG_WARN_UNREACHABLE_CODE = YES;
				CLANG_WARN__DUPLICATE_METHOD_MATCH = YES;
				CODE_SIGN_IDENTITY = "iPhone Developer";
				COPY_PHASE_STRIP = NO;
				DEBUG_INFORMATION_FORMAT = dwarf;
				ENABLE_STRICT_OBJC_MSGSEND = YES;
				ENABLE_TESTABILITY = YES;
				GCC_C_LANGUAGE_STANDARD = gnu11;
				GCC_DYNAMIC_NO_PIC = NO;
				GCC_NO_COMMON_BLOCKS = YES;
				GCC_OPTIMIZATION_LEVEL = 0;
				GCC_PREPROCESSOR_DEFINITIONS = (
					"DEBUG=1",
					"$(inherited)",
				);
				GCC_WARN_64_TO_32_BIT_CONVERSION = YES;
				GCC_WARN_ABOUT_RETURN_TYPE = YES_ERROR;
				GCC_WARN_UNDECLARED_SELECTOR = YES;
				GCC_WARN_UNINITIALIZED_AUTOS = YES_AGGRESSIVE;
				GCC_WARN_UNUSED_FUNCTION = YES;
				GCC_WARN_UNUSED_VARIABLE = YES;
				IPHONEOS_DEPLOYMENT_TARGET = 12.1;
				MTL_ENABLE_DEBUG_INFO = INCLUDE_SOURCE;
				MTL_FAST_MATH = YES;
				ONLY_ACTIVE_ARCH = YES;
				SDKROOT = iphoneos;
			};
			name = Debug;
		};
		E3568B972357495600AF79FE /* Release */ = {
			isa = XCBuildConfiguration;
			buildSettings = {
				ALWAYS_SEARCH_USER_PATHS = NO;
				CLANG_ANALYZER_NONNULL = YES;
				CLANG_ANALYZER_NUMBER_OBJECT_CONVERSION = YES_AGGRESSIVE;
				CLANG_CXX_LANGUAGE_STANDARD = "gnu++14";
				CLANG_CXX_LIBRARY = "libc++";
				CLANG_ENABLE_MODULES = YES;
				CLANG_ENABLE_OBJC_ARC = YES;
				CLANG_ENABLE_OBJC_WEAK = YES;
				CLANG_WARN_BLOCK_CAPTURE_AUTORELEASING = YES;
				CLANG_WARN_BOOL_CONVERSION = YES;
				CLANG_WARN_COMMA = YES;
				CLANG_WARN_CONSTANT_CONVERSION = YES;
				CLANG_WARN_DEPRECATED_OBJC_IMPLEMENTATIONS = YES;
				CLANG_WARN_DIRECT_OBJC_ISA_USAGE = YES_ERROR;
				CLANG_WARN_DOCUMENTATION_COMMENTS = YES;
				CLANG_WARN_EMPTY_BODY = YES;
				CLANG_WARN_ENUM_CONVERSION = YES;
				CLANG_WARN_INFINITE_RECURSION = YES;
				CLANG_WARN_INT_CONVERSION = YES;
				CLANG_WARN_NON_LITERAL_NULL_CONVERSION = YES;
				CLANG_WARN_OBJC_IMPLICIT_RETAIN_SELF = YES;
				CLANG_WARN_OBJC_LITERAL_CONVERSION = YES;
				CLANG_WARN_OBJC_ROOT_CLASS = YES_ERROR;
				CLANG_WARN_RANGE_LOOP_ANALYSIS = YES;
				CLANG_WARN_STRICT_PROTOTYPES = YES;
				CLANG_WARN_SUSPICIOUS_MOVE = YES;
				CLANG_WARN_UNGUARDED_AVAILABILITY = YES_AGGRESSIVE;
				CLANG_WARN_UNREACHABLE_CODE = YES;
				CLANG_WARN__DUPLICATE_METHOD_MATCH = YES;
				CODE_SIGN_IDENTITY = "iPhone Developer";
				COPY_PHASE_STRIP = NO;
				DEBUG_INFORMATION_FORMAT = "dwarf-with-dsym";
				ENABLE_NS_ASSERTIONS = NO;
				ENABLE_STRICT_OBJC_MSGSEND = YES;
				GCC_C_LANGUAGE_STANDARD = gnu11;
				GCC_NO_COMMON_BLOCKS = YES;
				GCC_WARN_64_TO_32_BIT_CONVERSION = YES;
				GCC_WARN_ABOUT_RETURN_TYPE = YES_ERROR;
				GCC_WARN_UNDECLARED_SELECTOR = YES;
				GCC_WARN_UNINITIALIZED_AUTOS = YES_AGGRESSIVE;
				GCC_WARN_UNUSED_FUNCTION = YES;
				GCC_WARN_UNUSED_VARIABLE = YES;
				IPHONEOS_DEPLOYMENT_TARGET = 12.1;
				MTL_ENABLE_DEBUG_INFO = NO;
				MTL_FAST_MATH = YES;
				SDKROOT = iphoneos;
				VALIDATE_PRODUCT = YES;
			};
			name = Release;
		};
		E3568B992357495600AF79FE /* Debug */ = {
			isa = XCBuildConfiguration;
			buildSettings = {
				ASSETCATALOG_COMPILER_APPICON_NAME = AppIcon;
				CODE_SIGN_STYLE = Automatic;
				DEVELOPMENT_TEAM = CTXC2MCNP9;
				INFOPLIST_FILE = "02-抖音评论滚动/Info.plist";
				IPHONEOS_DEPLOYMENT_TARGET = 9.0;
				LD_RUNPATH_SEARCH_PATHS = (
					"$(inherited)",
					"@executable_path/Frameworks",
				);
				PRODUCT_BUNDLE_IDENTIFIER = "wangyansnow.-2-------";
				PRODUCT_NAME = "$(TARGET_NAME)";
				TARGETED_DEVICE_FAMILY = "1,2";
			};
			name = Debug;
		};
		E3568B9A2357495600AF79FE /* Release */ = {
			isa = XCBuildConfiguration;
			buildSettings = {
				ASSETCATALOG_COMPILER_APPICON_NAME = AppIcon;
				CODE_SIGN_STYLE = Automatic;
				DEVELOPMENT_TEAM = CTXC2MCNP9;
				INFOPLIST_FILE = "02-抖音评论滚动/Info.plist";
				IPHONEOS_DEPLOYMENT_TARGET = 9.0;
				LD_RUNPATH_SEARCH_PATHS = (
					"$(inherited)",
					"@executable_path/Frameworks",
				);
				PRODUCT_BUNDLE_IDENTIFIER = "wangyansnow.-2-------";
				PRODUCT_NAME = "$(TARGET_NAME)";
				TARGETED_DEVICE_FAMILY = "1,2";
			};
			name = Release;
		};
/* End XCBuildConfiguration section */

/* Begin XCConfigurationList section */
		E3568B7D2357495300AF79FE /* Build configuration list for PBXProject "02-抖音评论滚动" */ = {
			isa = XCConfigurationList;
			buildConfigurations = (
				E3568B962357495600AF79FE /* Debug */,
				E3568B972357495600AF79FE /* Release */,
			);
			defaultConfigurationIsVisible = 0;
			defaultConfigurationName = Release;
		};
		E3568B982357495600AF79FE /* Build configuration list for PBXNativeTarget "02-抖音评论滚动" */ = {
			isa = XCConfigurationList;
			buildConfigurations = (
				E3568B992357495600AF79FE /* Debug */,
				E3568B9A2357495600AF79FE /* Release */,
			);
			defaultConfigurationIsVisible = 0;
			defaultConfigurationName = Release;
		};
/* End XCConfigurationList section */
	};
	rootObject = E3568B7A2357495300AF79FE /* Project object */;
}
